
Microsoft Visual Studio Solution File, Format Version 12.00
# Visual Studio Version 17
VisualStudioVersion = 17.9.34902.65
MinimumVisualStudioVersion = 10.0.40219.1
Project("{FAE04EC0-301F-11D3-BF4B-00C04F79EFBC}") = "BlueBirdTestFE", "BlueBirdTestFE.csproj", "{6918F4B3-8EDA-410B-9EBE-ACA2C8F74749}"
EndProject
Global
	GlobalSection(SolutionConfigurationPlatforms) = preSolution
		Debug|Any CPU = Debug|Any CPU
		Release|Any CPU = Release|Any CPU
	EndGlobalSection
	GlobalSection(ProjectConfigurationPlatforms) = postSolution
		{6918F4B3-8EDA-410B-9EBE-ACA2C8F74749}.Debug|Any CPU.ActiveCfg = Debug|Any CPU
		{6918F4B3-8EDA-410B-9EBE-ACA2C8F74749}.Debug|Any CPU.Build.0 = Debug|Any CPU
		{6918F4B3-8EDA-410B-9EBE-ACA2C8F74749}.Release|Any CPU.ActiveCfg = Release|Any CPU
		{6918F4B3-8EDA-410B-9EBE-ACA2C8F74749}.Release|Any CPU.Build.0 = Release|Any CPU
	EndGlobalSection
	GlobalSection(SolutionProperties) = preSolution
		HideSolutionNode = FALSE
	EndGlobalSection
	GlobalSection(ExtensibilityGlobals) = postSolution
		SolutionGuid = {7B6BA7E8-115B-4414-A6C4-2369D2F8662D}
	EndGlobalSection
EndGlobal
